Microsoft Visual Studio Solution File, Format Version 12.00
# Visual Studio 2012
Project("{FAE04EC0-301F-11D3-BF4B-00C04F79EFBC}") = "Ergo Chaos", "Ergo Chaos.csproj", "{21CC1499-E736-4F79-8F3E-01BFBB4D36FD}"
EndProject
Global
	GlobalSection(SolutionConfigurationPlatforms) = preSolution
	Debug|Any CPU = Debug|Any CPU
	ExportDebug|Any CPU = ExportDebug|Any CPU
	ExportRelease|Any CPU = ExportRelease|Any CPU
	EndGlobalSection
	GlobalSection(ProjectConfigurationPlatforms) = postSolution
		{21CC1499-E736-4F79-8F3E-01BFBB4D36FD}.Debug|Any CPU.ActiveCfg = Debug|Any CPU
		{21CC1499-E736-4F79-8F3E-01BFBB4D36FD}.Debug|Any CPU.Build.0 = Debug|Any CPU
		{21CC1499-E736-4F79-8F3E-01BFBB4D36FD}.ExportDebug|Any CPU.ActiveCfg = ExportDebug|Any CPU
		{21CC1499-E736-4F79-8F3E-01BFBB4D36FD}.ExportDebug|Any CPU.Build.0 = ExportDebug|Any CPU
		{21CC1499-E736-4F79-8F3E-01BFBB4D36FD}.ExportRelease|Any CPU.ActiveCfg = ExportRelease|Any CPU
		{21CC1499-E736-4F79-8F3E-01BFBB4D36FD}.ExportRelease|Any CPU.Build.0 = ExportRelease|Any CPU
	EndGlobalSection
EndGlobal
